PODS:
  - CTMediator (25)
  - RJBluetooth (0.1.1):
    - CTMediator

DEPENDENCIES:
  - RJBluetooth (from `../`)

EXTERNAL SOURCES:
  RJBluetooth:
    :path: ../

SPEC CHECKSUMS:
  CTMediator: 830c1fc204b3a6abf2a059510c7380f56343da0f
  RJBluetooth: fc4d14179fc8dc4d456e502571f06f42b3bfe548

PODFILE CHECKSUM: 134b77c3f6d729eaaf2ebe3f0537cf9e7b9f9d60

COCOAPODS: 1.4.0
